
Microsoft Visual Studio Solution File, Format Version 12.00
# Visual Studio Version 17
VisualStudioVersion = 17.3.32825.248
MinimumVisualStudioVersion = 10.0.40219.1
Project("{FAE04EC0-301F-11D3-BF4B-00C04F79EFBC}") = "moralesneryxamarincv.Android", "moralesneryxamarincv.Android\moralesneryxamarincv.Android.csproj", "{61EB468D-DD0A-4220-8EDF-354225878E52}"
EndProject
Project("{FAE04EC0-301F-11D3-BF4B-00C04F79EFBC}") = "moralesneryxamarincv.iOS", "moralesneryxamarincv.iOS\moralesneryxamarincv.iOS.csproj", "{87B268C9-E695-498A-BB22-AF62487B9083}"
EndProject
Project("{FAE04EC0-301F-11D3-BF4B-00C04F79EFBC}") = "moralesneryxamarincv", "moralesneryxamarincv\moralesneryxamarincv.csproj", "{63D7D1EF-0438-4406-9622-B429C274D535}"
EndProject
Global
	GlobalSection(SolutionConfigurationPlatforms) = preSolution
		Debug|Any CPU = Debug|Any CPU
		Debug|iPhone = Debug|iPhone
		Debug|iPhoneSimulator = Debug|iPhoneSimulator
		Release|Any CPU = Release|Any CPU
		Release|iPhone = Release|iPhone
		Release|iPhoneSimulator = Release|iPhoneSimulator
	EndGlobalSection
	GlobalSection(ProjectConfigurationPlatforms) = postSolution
		{61EB468D-DD0A-4220-8EDF-354225878E52}.Debug|Any CPU.ActiveCfg = Debug|Any CPU
		{61EB468D-DD0A-4220-8EDF-354225878E52}.Debug|Any CPU.Build.0 = Debug|Any CPU
		{61EB468D-DD0A-4220-8EDF-354225878E52}.Debug|Any CPU.Deploy.0 = Debug|Any CPU
		{61EB468D-DD0A-4220-8EDF-354225878E52}.Debug|iPhone.ActiveCfg = Debug|Any CPU
		{61EB468D-DD0A-4220-8EDF-354225878E52}.Debug|iPhone.Build.0 = Debug|Any CPU
		{61EB468D-DD0A-4220-8EDF-354225878E52}.Debug|iPhone.Deploy.0 = Debug|Any CPU
		{61EB468D-DD0A-4220-8EDF-354225878E52}.Debug|iPhoneSimulator.ActiveCfg = Debug|Any CPU
		{61EB468D-DD0A-4220-8EDF-354225878E52}.Debug|iPhoneSimulator.Build.0 = Debug|Any CPU
		{61EB468D-DD0A-4220-8EDF-354225878E52}.Debug|iPhoneSimulator.Deploy.0 = Debug|Any CPU
		{61EB468D-DD0A-4220-8EDF-354225878E52}.Release|Any CPU.ActiveCfg = Release|Any CPU
		{61EB468D-DD0A-4220-8EDF-354225878E52}.Release|Any CPU.Build.0 = Release|Any CPU
		{61EB468D-DD0A-4220-8EDF-354225878E52}.Release|Any CPU.Deploy.0 = Release|Any CPU
		{61EB468D-DD0A-4220-8EDF-354225878E52}.Release|iPhone.ActiveCfg = Release|Any CPU
		{61EB468D-DD0A-4220-8EDF-354225878E52}.Release|iPhone.Build.0 = Release|Any CPU
		{61EB468D-DD0A-4220-8EDF-354225878E52}.Release|iPhone.Deploy.0 = Release|Any CPU
		{61EB468D-DD0A-4220-8EDF-354225878E52}.Release|iPhoneSimulator.ActiveCfg = Release|Any CPU
		{61EB468D-DD0A-4220-8EDF-354225878E52}.Release|iPhoneSimulator.Build.0 = Release|Any CPU
		{61EB468D-DD0A-4220-8EDF-354225878E52}.Release|iPhoneSimulator.Deploy.0 = Release|Any CPU
		{87B268C9-E695-498A-BB22-AF62487B9083}.Debug|Any CPU.ActiveCfg = Debug|iPhone
		{87B268C9-E695-498A-BB22-AF62487B9083}.Debug|Any CPU.Deploy.0 = Debug|iPhone
		{87B268C9-E695-498A-BB22-AF62487B9083}.Debug|iPhone.ActiveCfg = Debug|iPhone
		{87B268C9-E695-498A-BB22-AF62487B9083}.Debug|iPhone.Build.0 = Debug|iPhone
		{87B268C9-E695-498A-BB22-AF62487B9083}.Debug|iPhone.Deploy.0 = Debug|iPhone
		{87B268C9-E695-498A-BB22-AF62487B9083}.Debug|iPhoneSimulator.ActiveCfg = Debug|iPhoneSimulator
		{87B268C9-E695-498A-BB22-AF62487B9083}.Debug|iPhoneSimulator.Build.0 = Debug|iPhoneSimulator
		{87B268C9-E695-498A-BB22-AF62487B9083}.Debug|iPhoneSimulator.Deploy.0 = Debug|iPhoneSimulator
		{87B268C9-E695-498A-BB22-AF62487B9083}.Release|Any CPU.ActiveCfg = Release|iPhoneSimulator
		{87B268C9-E695-498A-BB22-AF62487B9083}.Release|Any CPU.Build.0 = Release|iPhoneSimulator
		{87B268C9-E695-498A-BB22-AF62487B9083}.Release|Any CPU.Deploy.0 = Release|iPhoneSimulator
		{87B268C9-E695-498A-BB22-AF62487B9083}.Release|iPhone.ActiveCfg = Release|iPhone
		{87B268C9-E695-498A-BB22-AF62487B9083}.Release|iPhone.Build.0 = Release|iPhone
		{87B268C9-E695-498A-BB22-AF62487B9083}.Release|iPhone.Deploy.0 = Release|iPhone
		{87B268C9-E695-498A-BB22-AF62487B9083}.Release|iPhoneSimulator.ActiveCfg = Release|iPhoneSimulator
		{87B268C9-E695-498A-BB22-AF62487B9083}.Release|iPhoneSimulator.Build.0 = Release|iPhoneSimulator
		{87B268C9-E695-498A-BB22-AF62487B9083}.Release|iPhoneSimulator.Deploy.0 = Release|iPhoneSimulator
		{63D7D1EF-0438-4406-9622-B429C274D535}.Debug|Any CPU.ActiveCfg = Debug|Any CPU
		{63D7D1EF-0438-4406-9622-B429C274D535}.Debug|Any CPU.Build.0 = Debug|Any CPU
		{63D7D1EF-0438-4406-9622-B429C274D535}.Debug|Any CPU.Deploy.0 = Debug|Any CPU
		{63D7D1EF-0438-4406-9622-B429C274D535}.Debug|iPhone.ActiveCfg = Debug|Any CPU
		{63D7D1EF-0438-4406-9622-B429C274D535}.Debug|iPhone.Build.0 = Debug|Any CPU
		{63D7D1EF-0438-4406-9622-B429C274D535}.Debug|iPhone.Deploy.0 = Debug|Any CPU
		{63D7D1EF-0438-4406-9622-B429C274D535}.Debug|iPhoneSimulator.ActiveCfg = Debug|Any CPU
		{63D7D1EF-0438-4406-9622-B429C274D535}.Debug|iPhoneSimulator.Build.0 = Debug|Any CPU
		{63D7D1EF-0438-4406-9622-B429C274D535}.Debug|iPhoneSimulator.Deploy.0 = Debug|Any CPU
		{63D7D1EF-0438-4406-9622-B429C274D535}.Release|Any CPU.ActiveCfg = Release|Any CPU
		{63D7D1EF-0438-4406-9622-B429C274D535}.Release|Any CPU.Build.0 = Release|Any CPU
		{63D7D1EF-0438-4406-9622-B429C274D535}.Release|Any CPU.Deploy.0 = Release|Any CPU
		{63D7D1EF-0438-4406-9622-B429C274D535}.Release|iPhone.ActiveCfg = Release|Any CPU
		{63D7D1EF-0438-4406-9622-B429C274D535}.Release|iPhone.Build.0 = Release|Any CPU
		{63D7D1EF-0438-4406-9622-B429C274D535}.Release|iPhone.Deploy.0 = Release|Any CPU
		{63D7D1EF-0438-4406-9622-B429C274D535}.Release|iPhoneSimulator.ActiveCfg = Release|Any CPU
		{63D7D1EF-0438-4406-9622-B429C274D535}.Release|iPhoneSimulator.Build.0 = Release|Any CPU
		{63D7D1EF-0438-4406-9622-B429C274D535}.Release|iPhoneSimulator.Deploy.0 = Release|Any CPU
	EndGlobalSection
	GlobalSection(SolutionProperties) = preSolution
		HideSolutionNode = FALSE
	EndGlobalSection
	GlobalSection(ExtensibilityGlobals) = postSolution
		SolutionGuid = {40F3F7C6-3DC0-4BC7-A88D-17B450CA07DD}
	EndGlobalSection
EndGlobal
